
Microsoft Visual Studio Solution File, Format Version 12.00
# Visual Studio Version 17
VisualStudioVersion = 17.4.33110.190
MinimumVisualStudioVersion = 10.0.40219.1
Project("{9A19103F-16F7-4668-BE54-9A1E7A4F7556}") = "CRUDExample", "CRUDExample\CRUDExample.csproj", "{0CB92633-9375-4079-AB95-2BFF1CC2394E}"
EndProject
Project("{9A19103F-16F7-4668-BE54-9A1E7A4F7556}") = "CRUDTests", "CRUDTests\CRUDTests.csproj", "{30E3ECE9-5CB6-492E-AC76-C5B0129F1BD8}"
EndProject
Project("{9A19103F-16F7-4668-BE54-9A1E7A4F7556}") = "Entities", "Entities\Entities.csproj", "{51C07AAD-E896-4978-8AEC-6CD847454CD7}"
EndProject
Project("{9A19103F-16F7-4668-BE54-9A1E7A4F7556}") = "ServiceContracts", "ServiceContracts\ServiceContracts.csproj", "{B2E23D29-DCD4-45E8-8BDE-BCD5FE63F253}"
EndProject
Project("{9A19103F-16F7-4668-BE54-9A1E7A4F7556}") = "Services", "Services\Services.csproj", "{20C3D29C-7CE2-4F88-8A0C-B52B69A4117B}"
EndProject
Project("{FAE04EC0-301F-11D3-BF4B-00C04F79EFBC}") = "RepositoryContracts", "RepositoryContracts\RepositoryContracts.csproj", "{E8B41C10-1ADD-4BCC-A5BE-96C902006DC5}"
EndProject
Global
	GlobalSection(SolutionConfigurationPlatforms) = preSolution
		Debug|Any CPU = Debug|Any CPU
		Release|Any CPU = Release|Any CPU
	EndGlobalSection
	GlobalSection(ProjectConfigurationPlatforms) = postSolution
		{0CB92633-9375-4079-AB95-2BFF1CC2394E}.Debug|Any CPU.ActiveCfg = Debug|Any CPU
		{0CB92633-9375-4079-AB95-2BFF1CC2394E}.Debug|Any CPU.Build.0 = Debug|Any CPU
		{0CB92633-9375-4079-AB95-2BFF1CC2394E}.Release|Any CPU.ActiveCfg = Release|Any CPU
		{0CB92633-9375-4079-AB95-2BFF1CC2394E}.Release|Any CPU.Build.0 = Release|Any CPU
		{30E3ECE9-5CB6-492E-AC76-C5B0129F1BD8}.Debug|Any CPU.ActiveCfg = Debug|Any CPU
		{30E3ECE9-5CB6-492E-AC76-C5B0129F1BD8}.Debug|Any CPU.Build.0 = Debug|Any CPU
		{30E3ECE9-5CB6-492E-AC76-C5B0129F1BD8}.Release|Any CPU.ActiveCfg = Release|Any CPU
		{30E3ECE9-5CB6-492E-AC76-C5B0129F1BD8}.Release|Any CPU.Build.0 = Release|Any CPU
		{51C07AAD-E896-4978-8AEC-6CD847454CD7}.Debug|Any CPU.ActiveCfg = Debug|Any CPU
		{51C07AAD-E896-4978-8AEC-6CD847454CD7}.Debug|Any CPU.Build.0 = Debug|Any CPU
		{51C07AAD-E896-4978-8AEC-6CD847454CD7}.Release|Any CPU.ActiveCfg = Release|Any CPU
		{51C07AAD-E896-4978-8AEC-6CD847454CD7}.Release|Any CPU.Build.0 = Release|Any CPU
		{B2E23D29-DCD4-45E8-8BDE-BCD5FE63F253}.Debug|Any CPU.ActiveCfg = Debug|Any CPU
		{B2E23D29-DCD4-45E8-8BDE-BCD5FE63F253}.Debug|Any CPU.Build.0 = Debug|Any CPU
		{B2E23D29-DCD4-45E8-8BDE-BCD5FE63F253}.Release|Any CPU.ActiveCfg = Release|Any CPU
		{B2E23D29-DCD4-45E8-8BDE-BCD5FE63F253}.Release|Any CPU.Build.0 = Release|Any CPU
		{20C3D29C-7CE2-4F88-8A0C-B52B69A4117B}.Debug|Any CPU.ActiveCfg = Debug|Any CPU
		{20C3D29C-7CE2-4F88-8A0C-B52B69A4117B}.Debug|Any CPU.Build.0 = Debug|Any CPU
		{20C3D29C-7CE2-4F88-8A0C-B52B69A4117B}.Release|Any CPU.ActiveCfg = Release|Any CPU
		{20C3D29C-7CE2-4F88-8A0C-B52B69A4117B}.Release|Any CPU.Build.0 = Release|Any CPU
		{E8B41C10-1ADD-4BCC-A5BE-96C902006DC5}.Debug|Any CPU.ActiveCfg = Debug|Any CPU
		{E8B41C10-1ADD-4BCC-A5BE-96C902006DC5}.Debug|Any CPU.Build.0 = Debug|Any CPU
		{E8B41C10-1ADD-4BCC-A5BE-96C902006DC5}.Release|Any CPU.ActiveCfg = Release|Any CPU
		{E8B41C10-1ADD-4BCC-A5BE-96C902006DC5}.Release|Any CPU.Build.0 = Release|Any CPU
	EndGlobalSection
	GlobalSection(SolutionProperties) = preSolution
		HideSolutionNode = FALSE
	EndGlobalSection
	GlobalSection(ExtensibilityGlobals) = postSolution
		SolutionGuid = {1161735B-6FC3-4C10-A769-3B984E3D305B}
	EndGlobalSection
EndGlobal
