
Microsoft Visual Studio Solution File, Format Version 12.00
# Visual Studio Version 17
VisualStudioVersion = 17.4.33110.190
MinimumVisualStudioVersion = 10.0.40219.1
Project("{FAE04EC0-301F-11D3-BF4B-00C04F79EFBC}") = "CRUDExample", "CRUDExample\CRUDExample.csproj", "{0CB92633-9375-4079-AB95-2BFF1CC2394E}"
EndProject
Global
	GlobalSection(SolutionConfigurationPlatforms) = preSolution
		Debug|Any CPU = Debug|Any CPU
		Release|Any CPU = Release|Any CPU
	EndGlobalSection
	GlobalSection(ProjectConfigurationPlatforms) = postSolution
		{0CB92633-9375-4079-AB95-2BFF1CC2394E}.Debug|Any CPU.ActiveCfg = Debug|Any CPU
		{0CB92633-9375-4079-AB95-2BFF1CC2394E}.Debug|Any CPU.Build.0 = Debug|Any CPU
		{0CB92633-9375-4079-AB95-2BFF1CC2394E}.Release|Any CPU.ActiveCfg = Release|Any CPU
		{0CB92633-9375-4079-AB95-2BFF1CC2394E}.Release|Any CPU.Build.0 = Release|Any CPU
	EndGlobalSection
	GlobalSection(SolutionProperties) = preSolution
		HideSolutionNode = FALSE
	EndGlobalSection
	GlobalSection(ExtensibilityGlobals) = postSolution
		SolutionGuid = {1161735B-6FC3-4C10-A769-3B984E3D305B}
	EndGlobalSection
EndGlobal
